
Microsoft Visual Studio Solution File, Format Version 12.00
# Visual Studio Version 16
VisualStudioVersion = 16.0.30517.126
MinimumVisualStudioVersion = 10.0.40219.1
Project("{FAE04EC0-301F-11D3-BF4B-00C04F79EFBC}") = "CentralConsignacoes", "CentralConsignacoes\CentralConsignacoes.csproj", "{CF927C04-77FB-40DB-87A6-E3C3F6E9D718}"
EndProject
Global
	GlobalSection(SolutionConfigurationPlatforms) = preSolution
		Debug|Any CPU = Debug|Any CPU
		Release|Any CPU = Release|Any CPU
	EndGlobalSection
	GlobalSection(ProjectConfigurationPlatforms) = postSolution
		{CF927C04-77FB-40DB-87A6-E3C3F6E9D718}.Debug|Any CPU.ActiveCfg = Debug|Any CPU
		{CF927C04-77FB-40DB-87A6-E3C3F6E9D718}.Debug|Any CPU.Build.0 = Debug|Any CPU
		{CF927C04-77FB-40DB-87A6-E3C3F6E9D718}.Release|Any CPU.ActiveCfg = Release|Any CPU
		{CF927C04-77FB-40DB-87A6-E3C3F6E9D718}.Release|Any CPU.Build.0 = Release|Any CPU
	EndGlobalSection
	GlobalSection(SolutionProperties) = preSolution
		HideSolutionNode = FALSE
	EndGlobalSection
	GlobalSection(ExtensibilityGlobals) = postSolution
		SolutionGuid = {3B70EDF2-7543-4707-B0E6-885EAFF2E9CD}
	EndGlobalSection
EndGlobal
